
Microsoft Visual Studio Solution File, Format Version 12.00
# Visual Studio Version 17
VisualStudioVersion = 17.3.32929.385
MinimumVisualStudioVersion = 10.0.40219.1
Project("{9A19103F-16F7-4668-BE54-9A1E7A4F7556}") = "PatientInformationsAPI", "PatientInformationsAPI\PatientInformationsAPI.csproj", "{83BFE75A-D7DF-477D-AAC6-C6ABC002926B}"
EndProject
Project("{FAE04EC0-301F-11D3-BF4B-00C04F79EFBC}") = "PatientInformationFrontEnd", "PatientInformationFrontEnd\PatientInformationFrontEnd.csproj", "{39513E8E-83A8-41B8-9CCD-8245BAB039BA}"
EndProject
Global
	GlobalSection(SolutionConfigurationPlatforms) = preSolution
		Debug|Any CPU = Debug|Any CPU
		Release|Any CPU = Release|Any CPU
	EndGlobalSection
	GlobalSection(ProjectConfigurationPlatforms) = postSolution
		{83BFE75A-D7DF-477D-AAC6-C6ABC002926B}.Debug|Any CPU.ActiveCfg = Debug|Any CPU
		{83BFE75A-D7DF-477D-AAC6-C6ABC002926B}.Debug|Any CPU.Build.0 = Debug|Any CPU
		{83BFE75A-D7DF-477D-AAC6-C6ABC002926B}.Release|Any CPU.ActiveCfg = Release|Any CPU
		{83BFE75A-D7DF-477D-AAC6-C6ABC002926B}.Release|Any CPU.Build.0 = Release|Any CPU
		{39513E8E-83A8-41B8-9CCD-8245BAB039BA}.Debug|Any CPU.ActiveCfg = Debug|Any CPU
		{39513E8E-83A8-41B8-9CCD-8245BAB039BA}.Debug|Any CPU.Build.0 = Debug|Any CPU
		{39513E8E-83A8-41B8-9CCD-8245BAB039BA}.Release|Any CPU.ActiveCfg = Release|Any CPU
		{39513E8E-83A8-41B8-9CCD-8245BAB039BA}.Release|Any CPU.Build.0 = Release|Any CPU
	EndGlobalSection
	GlobalSection(SolutionProperties) = preSolution
		HideSolutionNode = FALSE
	EndGlobalSection
	GlobalSection(ExtensibilityGlobals) = postSolution
		SolutionGuid = {66F7421C-3FBC-48CE-9DF6-34E018136A52}
	EndGlobalSection
EndGlobal
